
Microsoft Visual Studio Solution File, Format Version 12.00
# Visual Studio 14
VisualStudioVersion = 14.0.25420.1
MinimumVisualStudioVersion = 10.0.40219.1
Project("{FAE04EC0-301F-11D3-BF4B-00C04F79EFBC}") = "WebApi.Data", "WebApi.Data\WebApi.Data.csproj", "{AA58C93D-F81C-4793-8383-F55332429EB3}"
EndProject
Project("{FAE04EC0-301F-11D3-BF4B-00C04F79EFBC}") = "UnitTestProject1", "UnitTestProject1\UnitTestProject1.csproj", "{96872542-4C9A-4133-BE0C-8AD3B892A1CE}"
EndProject
Project("{FAE04EC0-301F-11D3-BF4B-00C04F79EFBC}") = "WebApi.Api", "WebApi.Api\WebApi.Api.csproj", "{8144514F-E25A-490B-93FA-540960EB1529}"
EndProject
Project("{FAE04EC0-301F-11D3-BF4B-00C04F79EFBC}") = "WebApi.Web", "WebApi.Web\WebApi.Web.csproj", "{5FB912BA-399D-47D6-A68C-3BAFAF06416C}"
EndProject
Global
	GlobalSection(SolutionConfigurationPlatforms) = preSolution
		Debug|Any CPU = Debug|Any CPU
		Release|Any CPU = Release|Any CPU
	EndGlobalSection
	GlobalSection(ProjectConfigurationPlatforms) = postSolution
		{AA58C93D-F81C-4793-8383-F55332429EB3}.Debug|Any CPU.ActiveCfg = Debug|Any CPU
		{AA58C93D-F81C-4793-8383-F55332429EB3}.Debug|Any CPU.Build.0 = Debug|Any CPU
		{AA58C93D-F81C-4793-8383-F55332429EB3}.Release|Any CPU.ActiveCfg = Release|Any CPU
		{AA58C93D-F81C-4793-8383-F55332429EB3}.Release|Any CPU.Build.0 = Release|Any CPU
		{96872542-4C9A-4133-BE0C-8AD3B892A1CE}.Debug|Any CPU.ActiveCfg = Debug|Any CPU
		{96872542-4C9A-4133-BE0C-8AD3B892A1CE}.Debug|Any CPU.Build.0 = Debug|Any CPU
		{96872542-4C9A-4133-BE0C-8AD3B892A1CE}.Release|Any CPU.ActiveCfg = Release|Any CPU
		{96872542-4C9A-4133-BE0C-8AD3B892A1CE}.Release|Any CPU.Build.0 = Release|Any CPU
		{8144514F-E25A-490B-93FA-540960EB1529}.Debug|Any CPU.ActiveCfg = Debug|Any CPU
		{8144514F-E25A-490B-93FA-540960EB1529}.Debug|Any CPU.Build.0 = Debug|Any CPU
		{8144514F-E25A-490B-93FA-540960EB1529}.Release|Any CPU.ActiveCfg = Release|Any CPU
		{8144514F-E25A-490B-93FA-540960EB1529}.Release|Any CPU.Build.0 = Release|Any CPU
		{5FB912BA-399D-47D6-A68C-3BAFAF06416C}.Debug|Any CPU.ActiveCfg = Debug|Any CPU
		{5FB912BA-399D-47D6-A68C-3BAFAF06416C}.Debug|Any CPU.Build.0 = Debug|Any CPU
		{5FB912BA-399D-47D6-A68C-3BAFAF06416C}.Release|Any CPU.ActiveCfg = Release|Any CPU
		{5FB912BA-399D-47D6-A68C-3BAFAF06416C}.Release|Any CPU.Build.0 = Release|Any CPU
	EndGlobalSection
	GlobalSection(SolutionProperties) = preSolution
		HideSolutionNode = FALSE
	EndGlobalSection
EndGlobal
